
Microsoft Visual Studio Solution File, Format Version 12.00
# Visual Studio Version 17
VisualStudioVersion = 17.1.32407.343
MinimumVisualStudioVersion = 10.0.40219.1
Project("{FAE04EC0-301F-11D3-BF4B-00C04F79EFBC}") = "TryXamarinApp.UWP", "TryXamarinApp\TryXamarinApp.UWP\TryXamarinApp.UWP.csproj", "{7818B2E8-F809-4802-8A92-4322E214B7E6}"
EndProject
Project("{FAE04EC0-301F-11D3-BF4B-00C04F79EFBC}") = "TryXamarinApp.Android", "TryXamarinApp\TryXamarinApp.Android\TryXamarinApp.Android.csproj", "{267194C7-3A6B-4A24-860A-7DB6EC0D7189}"
EndProject
Project("{FAE04EC0-301F-11D3-BF4B-00C04F79EFBC}") = "TryXamarinApp.iOS", "TryXamarinApp\TryXamarinApp.iOS\TryXamarinApp.iOS.csproj", "{2910531F-064B-4890-A042-C47325C20A67}"
EndProject
Project("{FAE04EC0-301F-11D3-BF4B-00C04F79EFBC}") = "TryXamarinApp", "TryXamarinApp\TryXamarinApp\TryXamarinApp.csproj", "{E9B4DE5E-697B-4DEF-A5B9-BDFCD0B08D05}"
EndProject
Global
	GlobalSection(SolutionConfigurationPlatforms) = preSolution
		Debug|Any CPU = Debug|Any CPU
		Debug|ARM = Debug|ARM
		Debug|iPhone = Debug|iPhone
		Debug|iPhoneSimulator = Debug|iPhoneSimulator
		Debug|x64 = Debug|x64
		Debug|x86 = Debug|x86
		Release|Any CPU = Release|Any CPU
		Release|ARM = Release|ARM
		Release|iPhone = Release|iPhone
		Release|iPhoneSimulator = Release|iPhoneSimulator
		Release|x64 = Release|x64
		Release|x86 = Release|x86
	EndGlobalSection
	GlobalSection(ProjectConfigurationPlatforms) = postSolution
		{7818B2E8-F809-4802-8A92-4322E214B7E6}.Debug|Any CPU.ActiveCfg = Debug|x64
		{7818B2E8-F809-4802-8A92-4322E214B7E6}.Debug|Any CPU.Build.0 = Debug|x64
		{7818B2E8-F809-4802-8A92-4322E214B7E6}.Debug|Any CPU.Deploy.0 = Debug|x64
		{7818B2E8-F809-4802-8A92-4322E214B7E6}.Debug|ARM.ActiveCfg = Debug|ARM
		{7818B2E8-F809-4802-8A92-4322E214B7E6}.Debug|ARM.Build.0 = Debug|ARM
		{7818B2E8-F809-4802-8A92-4322E214B7E6}.Debug|ARM.Deploy.0 = Debug|ARM
		{7818B2E8-F809-4802-8A92-4322E214B7E6}.Debug|iPhone.ActiveCfg = Debug|x64
		{7818B2E8-F809-4802-8A92-4322E214B7E6}.Debug|iPhone.Build.0 = Debug|x64
		{7818B2E8-F809-4802-8A92-4322E214B7E6}.Debug|iPhone.Deploy.0 = Debug|x64
		{7818B2E8-F809-4802-8A92-4322E214B7E6}.Debug|iPhoneSimulator.ActiveCfg = Debug|x64
		{7818B2E8-F809-4802-8A92-4322E214B7E6}.Debug|iPhoneSimulator.Build.0 = Debug|x64
		{7818B2E8-F809-4802-8A92-4322E214B7E6}.Debug|iPhoneSimulator.Deploy.0 = Debug|x64
		{7818B2E8-F809-4802-8A92-4322E214B7E6}.Debug|x64.ActiveCfg = Debug|x64
		{7818B2E8-F809-4802-8A92-4322E214B7E6}.Debug|x64.Build.0 = Debug|x64
		{7818B2E8-F809-4802-8A92-4322E214B7E6}.Debug|x64.Deploy.0 = Debug|x64
		{7818B2E8-F809-4802-8A92-4322E214B7E6}.Debug|x86.ActiveCfg = Debug|x86
		{7818B2E8-F809-4802-8A92-4322E214B7E6}.Debug|x86.Build.0 = Debug|x86
		{7818B2E8-F809-4802-8A92-4322E214B7E6}.Debug|x86.Deploy.0 = Debug|x86
		{7818B2E8-F809-4802-8A92-4322E214B7E6}.Release|Any CPU.ActiveCfg = Release|x64
		{7818B2E8-F809-4802-8A92-4322E214B7E6}.Release|Any CPU.Build.0 = Release|x64
		{7818B2E8-F809-4802-8A92-4322E214B7E6}.Release|Any CPU.Deploy.0 = Release|x64
		{7818B2E8-F809-4802-8A92-4322E214B7E6}.Release|ARM.ActiveCfg = Release|ARM
		{7818B2E8-F809-4802-8A92-4322E214B7E6}.Release|ARM.Build.0 = Release|ARM
		{7818B2E8-F809-4802-8A92-4322E214B7E6}.Release|ARM.Deploy.0 = Release|ARM
		{7818B2E8-F809-4802-8A92-4322E214B7E6}.Release|iPhone.ActiveCfg = Release|x64
		{7818B2E8-F809-4802-8A92-4322E214B7E6}.Release|iPhone.Build.0 = Release|x64
		{7818B2E8-F809-4802-8A92-4322E214B7E6}.Release|iPhone.Deploy.0 = Release|x64
		{7818B2E8-F809-4802-8A92-4322E214B7E6}.Release|iPhoneSimulator.ActiveCfg = Release|x64
		{7818B2E8-F809-4802-8A92-4322E214B7E6}.Release|iPhoneSimulator.Build.0 = Release|x64
		{7818B2E8-F809-4802-8A92-4322E214B7E6}.Release|iPhoneSimulator.Deploy.0 = Release|x64
		{7818B2E8-F809-4802-8A92-4322E214B7E6}.Release|x64.ActiveCfg = Release|x64
		{7818B2E8-F809-4802-8A92-4322E214B7E6}.Release|x64.Build.0 = Release|x64
		{7818B2E8-F809-4802-8A92-4322E214B7E6}.Release|x64.Deploy.0 = Release|x64
		{7818B2E8-F809-4802-8A92-4322E214B7E6}.Release|x86.ActiveCfg = Release|x86
		{7818B2E8-F809-4802-8A92-4322E214B7E6}.Release|x86.Build.0 = Release|x86
		{7818B2E8-F809-4802-8A92-4322E214B7E6}.Release|x86.Deploy.0 = Release|x86
		{267194C7-3A6B-4A24-860A-7DB6EC0D7189}.Debug|Any CPU.ActiveCfg = Debug|Any CPU
		{267194C7-3A6B-4A24-860A-7DB6EC0D7189}.Debug|Any CPU.Build.0 = Debug|Any CPU
		{267194C7-3A6B-4A24-860A-7DB6EC0D7189}.Debug|Any CPU.Deploy.0 = Debug|Any CPU
		{267194C7-3A6B-4A24-860A-7DB6EC0D7189}.Debug|ARM.ActiveCfg = Debug|Any CPU
		{267194C7-3A6B-4A24-860A-7DB6EC0D7189}.Debug|ARM.Build.0 = Debug|Any CPU
		{267194C7-3A6B-4A24-860A-7DB6EC0D7189}.Debug|ARM.Deploy.0 = Debug|Any CPU
		{267194C7-3A6B-4A24-860A-7DB6EC0D7189}.Debug|iPhone.ActiveCfg = Debug|Any CPU
		{267194C7-3A6B-4A24-860A-7DB6EC0D7189}.Debug|iPhone.Build.0 = Debug|Any CPU
		{267194C7-3A6B-4A24-860A-7DB6EC0D7189}.Debug|iPhone.Deploy.0 = Debug|Any CPU
		{267194C7-3A6B-4A24-860A-7DB6EC0D7189}.Debug|iPhoneSimulator.ActiveCfg = Debug|Any CPU
		{267194C7-3A6B-4A24-860A-7DB6EC0D7189}.Debug|iPhoneSimulator.Build.0 = Debug|Any CPU
		{267194C7-3A6B-4A24-860A-7DB6EC0D7189}.Debug|iPhoneSimulator.Deploy.0 = Debug|Any CPU
		{267194C7-3A6B-4A24-860A-7DB6EC0D7189}.Debug|x64.ActiveCfg = Debug|Any CPU
		{267194C7-3A6B-4A24-860A-7DB6EC0D7189}.Debug|x64.Build.0 = Debug|Any CPU
		{267194C7-3A6B-4A24-860A-7DB6EC0D7189}.Debug|x64.Deploy.0 = Debug|Any CPU
		{267194C7-3A6B-4A24-860A-7DB6EC0D7189}.Debug|x86.ActiveCfg = Debug|Any CPU
		{267194C7-3A6B-4A24-860A-7DB6EC0D7189}.Debug|x86.Build.0 = Debug|Any CPU
		{267194C7-3A6B-4A24-860A-7DB6EC0D7189}.Debug|x86.Deploy.0 = Debug|Any CPU
		{267194C7-3A6B-4A24-860A-7DB6EC0D7189}.Release|Any CPU.ActiveCfg = Release|Any CPU
		{267194C7-3A6B-4A24-860A-7DB6EC0D7189}.Release|Any CPU.Build.0 = Release|Any CPU
		{267194C7-3A6B-4A24-860A-7DB6EC0D7189}.Release|Any CPU.Deploy.0 = Release|Any CPU
		{267194C7-3A6B-4A24-860A-7DB6EC0D7189}.Release|ARM.ActiveCfg = Release|Any CPU
		{267194C7-3A6B-4A24-860A-7DB6EC0D7189}.Release|ARM.Build.0 = Release|Any CPU
		{267194C7-3A6B-4A24-860A-7DB6EC0D7189}.Release|ARM.Deploy.0 = Release|Any CPU
		{267194C7-3A6B-4A24-860A-7DB6EC0D7189}.Release|iPhone.ActiveCfg = Release|Any CPU
		{267194C7-3A6B-4A24-860A-7DB6EC0D7189}.Release|iPhone.Build.0 = Release|Any CPU
		{267194C7-3A6B-4A24-860A-7DB6EC0D7189}.Release|iPhone.Deploy.0 = Release|Any CPU
		{267194C7-3A6B-4A24-860A-7DB6EC0D7189}.Release|iPhoneSimulator.ActiveCfg = Release|Any CPU
		{267194C7-3A6B-4A24-860A-7DB6EC0D7189}.Release|iPhoneSimulator.Build.0 = Release|Any CPU
		{267194C7-3A6B-4A24-860A-7DB6EC0D7189}.Release|iPhoneSimulator.Deploy.0 = Release|Any CPU
		{267194C7-3A6B-4A24-860A-7DB6EC0D7189}.Release|x64.ActiveCfg = Release|Any CPU
		{267194C7-3A6B-4A24-860A-7DB6EC0D7189}.Release|x64.Build.0 = Release|Any CPU
		{267194C7-3A6B-4A24-860A-7DB6EC0D7189}.Release|x64.Deploy.0 = Release|Any CPU
		{267194C7-3A6B-4A24-860A-7DB6EC0D7189}.Release|x86.ActiveCfg = Release|Any CPU
		{267194C7-3A6B-4A24-860A-7DB6EC0D7189}.Release|x86.Build.0 = Release|Any CPU
		{267194C7-3A6B-4A24-860A-7DB6EC0D7189}.Release|x86.Deploy.0 = Release|Any CPU
		{2910531F-064B-4890-A042-C47325C20A67}.Debug|Any CPU.ActiveCfg = Debug|iPhoneSimulator
		{2910531F-064B-4890-A042-C47325C20A67}.Debug|Any CPU.Build.0 = Debug|iPhoneSimulator
		{2910531F-064B-4890-A042-C47325C20A67}.Debug|Any CPU.Deploy.0 = Debug|iPhoneSimulator
		{2910531F-064B-4890-A042-C47325C20A67}.Debug|ARM.ActiveCfg = Debug|iPhoneSimulator
		{2910531F-064B-4890-A042-C47325C20A67}.Debug|ARM.Build.0 = Debug|iPhoneSimulator
		{2910531F-064B-4890-A042-C47325C20A67}.Debug|ARM.Deploy.0 = Debug|iPhoneSimulator
		{2910531F-064B-4890-A042-C47325C20A67}.Debug|iPhone.ActiveCfg = Debug|iPhone
		{2910531F-064B-4890-A042-C47325C20A67}.Debug|iPhone.Build.0 = Debug|iPhone
		{2910531F-064B-4890-A042-C47325C20A67}.Debug|iPhone.Deploy.0 = Debug|iPhone
		{2910531F-064B-4890-A042-C47325C20A67}.Debug|iPhoneSimulator.ActiveCfg = Debug|iPhoneSimulator
		{2910531F-064B-4890-A042-C47325C20A67}.Debug|iPhoneSimulator.Build.0 = Debug|iPhoneSimulator
		{2910531F-064B-4890-A042-C47325C20A67}.Debug|iPhoneSimulator.Deploy.0 = Debug|iPhoneSimulator
		{2910531F-064B-4890-A042-C47325C20A67}.Debug|x64.ActiveCfg = Debug|iPhone
		{2910531F-064B-4890-A042-C47325C20A67}.Debug|x64.Build.0 = Debug|iPhone
		{2910531F-064B-4890-A042-C47325C20A67}.Debug|x64.Deploy.0 = Debug|iPhone
		{2910531F-064B-4890-A042-C47325C20A67}.Debug|x86.ActiveCfg = Debug|iPhoneSimulator
		{2910531F-064B-4890-A042-C47325C20A67}.Debug|x86.Build.0 = Debug|iPhoneSimulator
		{2910531F-064B-4890-A042-C47325C20A67}.Debug|x86.Deploy.0 = Debug|iPhoneSimulator
		{2910531F-064B-4890-A042-C47325C20A67}.Release|Any CPU.ActiveCfg = Release|iPhoneSimulator
		{2910531F-064B-4890-A042-C47325C20A67}.Release|Any CPU.Build.0 = Release|iPhoneSimulator
		{2910531F-064B-4890-A042-C47325C20A67}.Release|Any CPU.Deploy.0 = Release|iPhoneSimulator
		{2910531F-064B-4890-A042-C47325C20A67}.Release|ARM.ActiveCfg = Release|iPhoneSimulator
		{2910531F-064B-4890-A042-C47325C20A67}.Release|ARM.Build.0 = Release|iPhoneSimulator
		{2910531F-064B-4890-A042-C47325C20A67}.Release|ARM.Deploy.0 = Release|iPhoneSimulator
		{2910531F-064B-4890-A042-C47325C20A67}.Release|iPhone.ActiveCfg = Release|iPhone
		{2910531F-064B-4890-A042-C47325C20A67}.Release|iPhone.Build.0 = Release|iPhone
		{2910531F-064B-4890-A042-C47325C20A67}.Release|iPhone.Deploy.0 = Release|iPhone
		{2910531F-064B-4890-A042-C47325C20A67}.Release|iPhoneSimulator.ActiveCfg = Release|iPhoneSimulator
		{2910531F-064B-4890-A042-C47325C20A67}.Release|iPhoneSimulator.Build.0 = Release|iPhoneSimulator
		{2910531F-064B-4890-A042-C47325C20A67}.Release|iPhoneSimulator.Deploy.0 = Release|iPhoneSimulator
		{2910531F-064B-4890-A042-C47325C20A67}.Release|x64.ActiveCfg = Release|iPhoneSimulator
		{2910531F-064B-4890-A042-C47325C20A67}.Release|x64.Build.0 = Release|iPhoneSimulator
		{2910531F-064B-4890-A042-C47325C20A67}.Release|x64.Deploy.0 = Release|iPhoneSimulator
		{2910531F-064B-4890-A042-C47325C20A67}.Release|x86.ActiveCfg = Release|iPhoneSimulator
		{2910531F-064B-4890-A042-C47325C20A67}.Release|x86.Build.0 = Release|iPhoneSimulator
		{2910531F-064B-4890-A042-C47325C20A67}.Release|x86.Deploy.0 = Release|iPhoneSimulator
		{E9B4DE5E-697B-4DEF-A5B9-BDFCD0B08D05}.Debug|Any CPU.ActiveCfg = Debug|Any CPU
		{E9B4DE5E-697B-4DEF-A5B9-BDFCD0B08D05}.Debug|Any CPU.Build.0 = Debug|Any CPU
		{E9B4DE5E-697B-4DEF-A5B9-BDFCD0B08D05}.Debug|Any CPU.Deploy.0 = Debug|Any CPU
		{E9B4DE5E-697B-4DEF-A5B9-BDFCD0B08D05}.Debug|ARM.ActiveCfg = Debug|Any CPU
		{E9B4DE5E-697B-4DEF-A5B9-BDFCD0B08D05}.Debug|ARM.Build.0 = Debug|Any CPU
		{E9B4DE5E-697B-4DEF-A5B9-BDFCD0B08D05}.Debug|ARM.Deploy.0 = Debug|Any CPU
		{E9B4DE5E-697B-4DEF-A5B9-BDFCD0B08D05}.Debug|iPhone.ActiveCfg = Debug|Any CPU
		{E9B4DE5E-697B-4DEF-A5B9-BDFCD0B08D05}.Debug|iPhone.Build.0 = Debug|Any CPU
		{E9B4DE5E-697B-4DEF-A5B9-BDFCD0B08D05}.Debug|iPhone.Deploy.0 = Debug|Any CPU
		{E9B4DE5E-697B-4DEF-A5B9-BDFCD0B08D05}.Debug|iPhoneSimulator.ActiveCfg = Debug|Any CPU
		{E9B4DE5E-697B-4DEF-A5B9-BDFCD0B08D05}.Debug|iPhoneSimulator.Build.0 = Debug|Any CPU
		{E9B4DE5E-697B-4DEF-A5B9-BDFCD0B08D05}.Debug|iPhoneSimulator.Deploy.0 = Debug|Any CPU
		{E9B4DE5E-697B-4DEF-A5B9-BDFCD0B08D05}.Debug|x64.ActiveCfg = Debug|Any CPU
		{E9B4DE5E-697B-4DEF-A5B9-BDFCD0B08D05}.Debug|x64.Build.0 = Debug|Any CPU
		{E9B4DE5E-697B-4DEF-A5B9-BDFCD0B08D05}.Debug|x64.Deploy.0 = Debug|Any CPU
		{E9B4DE5E-697B-4DEF-A5B9-BDFCD0B08D05}.Debug|x86.ActiveCfg = Debug|Any CPU
		{E9B4DE5E-697B-4DEF-A5B9-BDFCD0B08D05}.Debug|x86.Build.0 = Debug|Any CPU
		{E9B4DE5E-697B-4DEF-A5B9-BDFCD0B08D05}.Debug|x86.Deploy.0 = Debug|Any CPU
		{E9B4DE5E-697B-4DEF-A5B9-BDFCD0B08D05}.Release|Any CPU.ActiveCfg = Release|Any CPU
		{E9B4DE5E-697B-4DEF-A5B9-BDFCD0B08D05}.Release|Any CPU.Build.0 = Release|Any CPU
		{E9B4DE5E-697B-4DEF-A5B9-BDFCD0B08D05}.Release|Any CPU.Deploy.0 = Release|Any CPU
		{E9B4DE5E-697B-4DEF-A5B9-BDFCD0B08D05}.Release|ARM.ActiveCfg = Release|Any CPU
		{E9B4DE5E-697B-4DEF-A5B9-BDFCD0B08D05}.Release|ARM.Build.0 = Release|Any CPU
		{E9B4DE5E-697B-4DEF-A5B9-BDFCD0B08D05}.Release|ARM.Deploy.0 = Release|Any CPU
		{E9B4DE5E-697B-4DEF-A5B9-BDFCD0B08D05}.Release|iPhone.ActiveCfg = Release|Any CPU
		{E9B4DE5E-697B-4DEF-A5B9-BDFCD0B08D05}.Release|iPhone.Build.0 = Release|Any CPU
		{E9B4DE5E-697B-4DEF-A5B9-BDFCD0B08D05}.Release|iPhone.Deploy.0 = Release|Any CPU
		{E9B4DE5E-697B-4DEF-A5B9-BDFCD0B08D05}.Release|iPhoneSimulator.ActiveCfg = Release|Any CPU
		{E9B4DE5E-697B-4DEF-A5B9-BDFCD0B08D05}.Release|iPhoneSimulator.Build.0 = Release|Any CPU
		{E9B4DE5E-697B-4DEF-A5B9-BDFCD0B08D05}.Release|iPhoneSimulator.Deploy.0 = Release|Any CPU
		{E9B4DE5E-697B-4DEF-A5B9-BDFCD0B08D05}.Release|x64.ActiveCfg = Release|Any CPU
		{E9B4DE5E-697B-4DEF-A5B9-BDFCD0B08D05}.Release|x64.Build.0 = Release|Any CPU
		{E9B4DE5E-697B-4DEF-A5B9-BDFCD0B08D05}.Release|x64.Deploy.0 = Release|Any CPU
		{E9B4DE5E-697B-4DEF-A5B9-BDFCD0B08D05}.Release|x86.ActiveCfg = Release|Any CPU
		{E9B4DE5E-697B-4DEF-A5B9-BDFCD0B08D05}.Release|x86.Build.0 = Release|Any CPU
		{E9B4DE5E-697B-4DEF-A5B9-BDFCD0B08D05}.Release|x86.Deploy.0 = Release|Any CPU
	EndGlobalSection
	GlobalSection(SolutionProperties) = preSolution
		HideSolutionNode = FALSE
	EndGlobalSection
	GlobalSection(ExtensibilityGlobals) = postSolution
		SolutionGuid = {472EA678-B5DA-4D38-B7F4-A50EA9C9D210}
	EndGlobalSection
EndGlobal
