
Microsoft Visual Studio Solution File, Format Version 12.00
# Visual Studio Version 17
VisualStudioVersion = 17.1.32407.343
MinimumVisualStudioVersion = 10.0.40219.1
Project("{9A19103F-16F7-4668-BE54-9A1E7A4F7556}") = "TryIncDecAzureFunction", "TryIncDecAzureFunction\TryIncDecAzureFunction.csproj", "{C6B4F71F-641D-40E9-A715-BD7B34B2FA1B}"
EndProject
Global
	GlobalSection(SolutionConfigurationPlatforms) = preSolution
		Debug|Any CPU = Debug|Any CPU
		Release|Any CPU = Release|Any CPU
	EndGlobalSection
	GlobalSection(ProjectConfigurationPlatforms) = postSolution
		{C6B4F71F-641D-40E9-A715-BD7B34B2FA1B}.Debug|Any CPU.ActiveCfg = Debug|Any CPU
		{C6B4F71F-641D-40E9-A715-BD7B34B2FA1B}.Debug|Any CPU.Build.0 = Debug|Any CPU
		{C6B4F71F-641D-40E9-A715-BD7B34B2FA1B}.Release|Any CPU.ActiveCfg = Release|Any CPU
		{C6B4F71F-641D-40E9-A715-BD7B34B2FA1B}.Release|Any CPU.Build.0 = Release|Any CPU
	EndGlobalSection
	GlobalSection(SolutionProperties) = preSolution
		HideSolutionNode = FALSE
	EndGlobalSection
	GlobalSection(ExtensibilityGlobals) = postSolution
		SolutionGuid = {92CBECB0-F889-4322-A560-7F191C0393B8}
	EndGlobalSection
EndGlobal
